// !$*UTF8*$!
{
	archiveVersion = 1;
	classes = {
	};
	objectVersion = 56;
	objects = {

/* Begin PBXBuildFile section */
		863CAEC429D30BFF00AD2E65 /* AppDelegate.swift in Sources */ = {isa = PBXBuildFile; fileRef = 863CAEC329D30BFF00AD2E65 /* AppDelegate.swift */; };
		863CAEC629D30BFF00AD2E65 /* SceneDelegate.swift in Sources */ = {isa = PBXBuildFile; fileRef = 863CAEC529D30BFF00AD2E65 /* SceneDelegate.swift */; };
		863CAEC829D30BFF00AD2E65 /* ViewController.swift in Sources */ = {isa = PBXBuildFile; fileRef = 863CAEC729D30BFF00AD2E65 /* ViewController.swift */; };
		863CAECB29D30BFF00AD2E65 /* Main.storyboard in Resources */ = {isa = PBXBuildFile; fileRef = 863CAEC929D30BFF00AD2E65 /* Main.storyboard */; };
		863CAECD29D30C0000AD2E65 /* Assets.xcassets in Resources */ = {isa = PBXBuildFile; fileRef = 863CAECC29D30C0000AD2E65 /* Assets.xcassets */; };
		863CAED029D30C0000AD2E65 /* LaunchScreen.storyboard in Resources */ = {isa = PBXBuildFile; fileRef = 863CAECE29D30C0000AD2E65 /* LaunchScreen.storyboard */; };
		863CAEDB29D30C0000AD2E65 /* Rick_and_Morty_MVP_appTests.swift in Sources */ = {isa = PBXBuildFile; fileRef = 863CAEDA29D30C0000AD2E65 /* Rick_and_Morty_MVP_appTests.swift */; };
		863CAEE529D30C0000AD2E65 /* Rick_and_Morty_MVP_appUITests.swift in Sources */ = {isa = PBXBuildFile; fileRef = 863CAEE429D30C0000AD2E65 /* Rick_and_Morty_MVP_appUITests.swift */; };
		863CAEE729D30C0000AD2E65 /* Rick_and_Morty_MVP_appUITestsLaunchTests.swift in Sources */ = {isa = PBXBuildFile; fileRef = 863CAEE629D30C0000AD2E65 /* Rick_and_Morty_MVP_appUITestsLaunchTests.swift */; };
/* End PBXBuildFile section */

/* Begin PBXContainerItemProxy section */
		863CAED729D30C0000AD2E65 /* PBXContainerItemProxy */ = {
			isa = PBXContainerItemProxy;
			containerPortal = 863CAEB829D30BFF00AD2E65 /* Project object */;
			proxyType = 1;
			remoteGlobalIDString = 863CAEBF29D30BFF00AD2E65;
			remoteInfo = "Rick and Morty MVP app";
		};
		863CAEE129D30C0000AD2E65 /* PBXContainerItemProxy */ = {
			isa = PBXContainerItemProxy;
			containerPortal = 863CAEB829D30BFF00AD2E65 /* Project object */;
			proxyType = 1;
			remoteGlobalIDString = 863CAEBF29D30BFF00AD2E65;
			remoteInfo = "Rick and Morty MVP app";
		};
/* End PBXContainerItemProxy section */

/* Begin PBXFileReference section */
		863CAEC029D30BFF00AD2E65 /* Rick and Morty MVP app.app */ = {isa = PBXFileReference; explicitFileType = wrapper.application; includeInIndex = 0; path = "Rick and Morty MVP app.app"; sourceTree = BUILT_PRODUCTS_DIR; };
		863CAEC329D30BFF00AD2E65 /* AppDelegate.swift */ = {isa = PBXFileReference; lastKnownFileType = sourcecode.swift; path = AppDelegate.swift; sourceTree = "<group>"; };
		863CAEC529D30BFF00AD2E65 /* SceneDelegate.swift */ = {isa = PBXFileReference; lastKnownFileType = sourcecode.swift; path = SceneDelegate.swift; sourceTree = "<group>"; };
		863CAEC729D30BFF00AD2E65 /* ViewController.swift */ = {isa = PBXFileReference; lastKnownFileType = sourcecode.swift; path = ViewController.swift; sourceTree = "<group>"; };
		863CAECA29D30BFF00AD2E65 /* Base */ = {isa = PBXFileReference; lastKnownFileType = file.storyboard; name = Base; path = Base.lproj/Main.storyboard; sourceTree = "<group>"; };
		863CAECC29D30C0000AD2E65 /* Assets.xcassets */ = {isa = PBXFileReference; lastKnownFileType = folder.assetcatalog; path = Assets.xcassets; sourceTree = "<group>"; };
		863CAECF29D30C0000AD2E65 /* Base */ = {isa = PBXFileReference; lastKnownFileType = file.storyboard; name = Base; path = Base.lproj/LaunchScreen.storyboard; sourceTree = "<group>"; };
		863CAED129D30C0000AD2E65 /* Info.plist */ = {isa = PBXFileReference; lastKnownFileType = text.plist.xml; path = Info.plist; sourceTree = "<group>"; };
		863CAED629D30C0000AD2E65 /* Rick and Morty MVP appTests.xctest */ = {isa = PBXFileReference; explicitFileType = wrapper.cfbundle; includeInIndex = 0; path = "Rick and Morty MVP appTests.xctest"; sourceTree = BUILT_PRODUCTS_DIR; };
		863CAEDA29D30C0000AD2E65 /* Rick_and_Morty_MVP_appTests.swift */ = {isa = PBXFileReference; lastKnownFileType = sourcecode.swift; path = Rick_and_Morty_MVP_appTests.swift; sourceTree = "<group>"; };
		863CAEE029D30C0000AD2E65 /* Rick and Morty MVP appUITests.xctest */ = {isa = PBXFileReference; explicitFileType = wrapper.cfbundle; includeInIndex = 0; path = "Rick and Morty MVP appUITests.xctest"; sourceTree = BUILT_PRODUCTS_DIR; };
		863CAEE429D30C0000AD2E65 /* Rick_and_Morty_MVP_appUITests.swift */ = {isa = PBXFileReference; lastKnownFileType = sourcecode.swift; path = Rick_and_Morty_MVP_appUITests.swift; sourceTree = "<group>"; };
		863CAEE629D30C0000AD2E65 /* Rick_and_Morty_MVP_appUITestsLaunchTests.swift */ = {isa = PBXFileReference; lastKnownFileType = sourcecode.swift; path = Rick_and_Morty_MVP_appUITestsLaunchTests.swift; sourceTree = "<group>"; };
/* End PBXFileReference section */

/* Begin PBXFrameworksBuildPhase section */
		863CAEBD29D30BFF00AD2E65 /* Frameworks */ = {
			isa = PBXFrameworksBuildPhase;
			buildActionMask = 2147483647;
			files = (
			);
			runOnlyForDeploymentPostprocessing = 0;
		};
		863CAED329D30C0000AD2E65 /* Frameworks */ = {
			isa = PBXFrameworksBuildPhase;
			buildActionMask = 2147483647;
			files = (
			);
			runOnlyForDeploymentPostprocessing = 0;
		};
		863CAEDD29D30C0000AD2E65 /* Frameworks */ = {
			isa = PBXFrameworksBuildPhase;
			buildActionMask = 2147483647;
			files = (
			);
			runOnlyForDeploymentPostprocessing = 0;
		};
/* End PBXFrameworksBuildPhase section */

/* Begin PBXGroup section */
		863CAEB729D30BFF00AD2E65 = {
			isa = PBXGroup;
			children = (
				863CAEC229D30BFF00AD2E65 /* Rick and Morty MVP app */,
				863CAED929D30C0000AD2E65 /* Rick and Morty MVP appTests */,
				863CAEE329D30C0000AD2E65 /* Rick and Morty MVP appUITests */,
				863CAEC129D30BFF00AD2E65 /* Products */,
			);
			sourceTree = "<group>";
		};
		863CAEC129D30BFF00AD2E65 /* Products */ = {
			isa = PBXGroup;
			children = (
				863CAEC029D30BFF00AD2E65 /* Rick and Morty MVP app.app */,
				863CAED629D30C0000AD2E65 /* Rick and Morty MVP appTests.xctest */,
				863CAEE029D30C0000AD2E65 /* Rick and Morty MVP appUITests.xctest */,
			);
			name = Products;
			sourceTree = "<group>";
		};
		863CAEC229D30BFF00AD2E65 /* Rick and Morty MVP app */ = {
			isa = PBXGroup;
			children = (
				863CAEC329D30BFF00AD2E65 /* AppDelegate.swift */,
				863CAEC529D30BFF00AD2E65 /* SceneDelegate.swift */,
				863CAEC729D30BFF00AD2E65 /* ViewController.swift */,
				863CAEC929D30BFF00AD2E65 /* Main.storyboard */,
				863CAECC29D30C0000AD2E65 /* Assets.xcassets */,
				863CAECE29D30C0000AD2E65 /* LaunchScreen.storyboard */,
				863CAED129D30C0000AD2E65 /* Info.plist */,
			);
			path = "Rick and Morty MVP app";
			sourceTree = "<group>";
		};
		863CAED929D30C0000AD2E65 /* Rick and Morty MVP appTests */ = {
			isa = PBXGroup;
			children = (
				863CAEDA29D30C0000AD2E65 /* Rick_and_Morty_MVP_appTests.swift */,
			);
			path = "Rick and Morty MVP appTests";
			sourceTree = "<group>";
		};
		863CAEE329D30C0000AD2E65 /* Rick and Morty MVP appUITests */ = {
			isa = PBXGroup;
			children = (
				863CAEE429D30C0000AD2E65 /* Rick_and_Morty_MVP_appUITests.swift */,
				863CAEE629D30C0000AD2E65 /* Rick_and_Morty_MVP_appUITestsLaunchTests.swift */,
			);
			path = "Rick and Morty MVP appUITests";
			sourceTree = "<group>";
		};
/* End PBXGroup section */

/* Begin PBXNativeTarget section */
		863CAEBF29D30BFF00AD2E65 /* Rick and Morty MVP app */ = {
			isa = PBXNativeTarget;
			buildConfigurationList = 863CAEEA29D30C0000AD2E65 /* Build configuration list for PBXNativeTarget "Rick and Morty MVP app" */;
			buildPhases = (
				863CAEBC29D30BFF00AD2E65 /* Sources */,
				863CAEBD29D30BFF00AD2E65 /* Frameworks */,
				863CAEBE29D30BFF00AD2E65 /* Resources */,
			);
			buildRules = (
			);
			dependencies = (
			);
			name = "Rick and Morty MVP app";
			productName = "Rick and Morty MVP app";
			productReference = 863CAEC029D30BFF00AD2E65 /* Rick and Morty MVP app.app */;
			productType = "com.apple.product-type.application";
		};
		863CAED529D30C0000AD2E65 /* Rick and Morty MVP appTests */ = {
			isa = PBXNativeTarget;
			buildConfigurationList = 863CAEED29D30C0000AD2E65 /* Build configuration list for PBXNativeTarget "Rick and Morty MVP appTests" */;
			buildPhases = (
				863CAED229D30C0000AD2E65 /* Sources */,
				863CAED329D30C0000AD2E65 /* Frameworks */,
				863CAED429D30C0000AD2E65 /* Resources */,
			);
			buildRules = (
			);
			dependencies = (
				863CAED829D30C0000AD2E65 /* PBXTargetDependency */,
			);
			name = "Rick and Morty MVP appTests";
			productName = "Rick and Morty MVP appTests";
			productReference = 863CAED629D30C0000AD2E65 /* Rick and Morty MVP appTests.xctest */;
			productType = "com.apple.product-type.bundle.unit-test";
		};
		863CAEDF29D30C0000AD2E65 /* Rick and Morty MVP appUITests */ = {
			isa = PBXNativeTarget;
			buildConfigurationList = 863CAEF029D30C0000AD2E65 /* Build configuration list for PBXNativeTarget "Rick and Morty MVP appUITests" */;
			buildPhases = (
				863CAEDC29D30C0000AD2E65 /* Sources */,
				863CAEDD29D30C0000AD2E65 /* Frameworks */,
				863CAEDE29D30C0000AD2E65 /* Resources */,
			);
			buildRules = (
			);
			dependencies = (
				863CAEE229D30C0000AD2E65 /* PBXTargetDependency */,
			);
			name = "Rick and Morty MVP appUITests";
			productName = "Rick and Morty MVP appUITests";
			productReference = 863CAEE029D30C0000AD2E65 /* Rick and Morty MVP appUITests.xctest */;
			productType = "com.apple.product-type.bundle.ui-testing";
		};
/* End PBXNativeTarget section */

/* Begin PBXProject section */
		863CAEB829D30BFF00AD2E65 /* Project object */ = {
			isa = PBXProject;
			attributes = {
				BuildIndependentTargetsInParallel = 1;
				LastSwiftUpdateCheck = 1420;
				LastUpgradeCheck = 1420;
				TargetAttributes = {
					863CAEBF29D30BFF00AD2E65 = {
						CreatedOnToolsVersion = 14.2;
					};
					863CAED529D30C0000AD2E65 = {
						CreatedOnToolsVersion = 14.2;
						TestTargetID = 863CAEBF29D30BFF00AD2E65;
					};
					863CAEDF29D30C0000AD2E65 = {
						CreatedOnToolsVersion = 14.2;
						TestTargetID = 863CAEBF29D30BFF00AD2E65;
					};
				};
			};
			buildConfigurationList = 863CAEBB29D30BFF00AD2E65 /* Build configuration list for PBXProject "Rick and Morty MVP app" */;
			compatibilityVersion = "Xcode 14.0";
			developmentRegion = en;
			hasScannedForEncodings = 0;
			knownRegions = (
				en,
				Base,
			);
			mainGroup = 863CAEB729D30BFF00AD2E65;
			productRefGroup = 863CAEC129D30BFF00AD2E65 /* Products */;
			projectDirPath = "";
			projectRoot = "";
			targets = (
				863CAEBF29D30BFF00AD2E65 /* Rick and Morty MVP app */,
				863CAED529D30C0000AD2E65 /* Rick and Morty MVP appTests */,
				863CAEDF29D30C0000AD2E65 /* Rick and Morty MVP appUITests */,
			);
		};
/* End PBXProject section */

/* Begin PBXResourcesBuildPhase section */
		863CAEBE29D30BFF00AD2E65 /* Resources */ = {
			isa = PBXResourcesBuildPhase;
			buildActionMask = 2147483647;
			files = (
				863CAED029D30C0000AD2E65 /* LaunchScreen.storyboard in Resources */,
				863CAECD29D30C0000AD2E65 /* Assets.xcassets in Resources */,
				863CAECB29D30BFF00AD2E65 /* Main.storyboard in Resources */,
			);
			runOnlyForDeploymentPostprocessing = 0;
		};
		863CAED429D30C0000AD2E65 /* Resources */ = {
			isa = PBXResourcesBuildPhase;
			buildActionMask = 2147483647;
			files = (
			);
			runOnlyForDeploymentPostprocessing = 0;
		};
		863CAEDE29D30C0000AD2E65 /* Resources */ = {
			isa = PBXResourcesBuildPhase;
			buildActionMask = 2147483647;
			files = (
			);
			runOnlyForDeploymentPostprocessing = 0;
		};
/* End PBXResourcesBuildPhase section */

/* Begin PBXSourcesBuildPhase section */
		863CAEBC29D30BFF00AD2E65 /* Sources */ = {
			isa = PBXSourcesBuildPhase;
			buildActionMask = 2147483647;
			files = (
				863CAEC829D30BFF00AD2E65 /* ViewController.swift in Sources */,
				863CAEC429D30BFF00AD2E65 /* AppDelegate.swift in Sources */,
				863CAEC629D30BFF00AD2E65 /* SceneDelegate.swift in Sources */,
			);
			runOnlyForDeploymentPostprocessing = 0;
		};
		863CAED229D30C0000AD2E65 /* Sources */ = {
			isa = PBXSourcesBuildPhase;
			buildActionMask = 2147483647;
			files = (
				863CAEDB29D30C0000AD2E65 /* Rick_and_Morty_MVP_appTests.swift in Sources */,
			);
			runOnlyForDeploymentPostprocessing = 0;
		};
		863CAEDC29D30C0000AD2E65 /* Sources */ = {
			isa = PBXSourcesBuildPhase;
			buildActionMask = 2147483647;
			files = (
				863CAEE529D30C0000AD2E65 /* Rick_and_Morty_MVP_appUITests.swift in Sources */,
				863CAEE729D30C0000AD2E65 /* Rick_and_Morty_MVP_appUITestsLaunchTests.swift in Sources */,
			);
			runOnlyForDeploymentPostprocessing = 0;
		};
/* End PBXSourcesBuildPhase section */

/* Begin PBXTargetDependency section */
		863CAED829D30C0000AD2E65 /* PBXTargetDependency */ = {
			isa = PBXTargetDependency;
			target = 863CAEBF29D30BFF00AD2E65 /* Rick and Morty MVP app */;
			targetProxy = 863CAED729D30C0000AD2E65 /* PBXContainerItemProxy */;
		};
		863CAEE229D30C0000AD2E65 /* PBXTargetDependency */ = {
			isa = PBXTargetDependency;
			target = 863CAEBF29D30BFF00AD2E65 /* Rick and Morty MVP app */;
			targetProxy = 863CAEE129D30C0000AD2E65 /* PBXContainerItemProxy */;
		};
/* End PBXTargetDependency section */

/* Begin PBXVariantGroup section */
		863CAEC929D30BFF00AD2E65 /* Main.storyboard */ = {
			isa = PBXVariantGroup;
			children = (
				863CAECA29D30BFF00AD2E65 /* Base */,
			);
			name = Main.storyboard;
			sourceTree = "<group>";
		};
		863CAECE29D30C0000AD2E65 /* LaunchScreen.storyboard */ = {
			isa = PBXVariantGroup;
			children = (
				863CAECF29D30C0000AD2E65 /* Base */,
			);
			name = LaunchScreen.storyboard;
			sourceTree = "<group>";
		};
/* End PBXVariantGroup section */

/* Begin XCBuildConfiguration section */
		863CAEE829D30C0000AD2E65 /* Debug */ = {
			isa = XCBuildConfiguration;
			buildSettings = {
				ALWAYS_SEARCH_USER_PATHS = NO;
				CLANG_ANALYZER_NONNULL = YES;
				CLANG_ANALYZER_NUMBER_OBJECT_CONVERSION = YES_AGGRESSIVE;
				CLANG_CXX_LANGUAGE_STANDARD = "gnu++20";
				CLANG_ENABLE_MODULES = YES;
				CLANG_ENABLE_OBJC_ARC = YES;
				CLANG_ENABLE_OBJC_WEAK = YES;
				CLANG_WARN_BLOCK_CAPTURE_AUTORELEASING = YES;
				CLANG_WARN_BOOL_CONVERSION = YES;
				CLANG_WARN_COMMA = YES;
				CLANG_WARN_CONSTANT_CONVERSION = YES;
				CLANG_WARN_DEPRECATED_OBJC_IMPLEMENTATIONS = YES;
				CLANG_WARN_DIRECT_OBJC_ISA_USAGE = YES_ERROR;
				CLANG_WARN_DOCUMENTATION_COMMENTS = YES;
				CLANG_WARN_EMPTY_BODY = YES;
				CLANG_WARN_ENUM_CONVERSION = YES;
				CLANG_WARN_INFINITE_RECURSION = YES;
				CLANG_WARN_INT_CONVERSION = YES;
				CLANG_WARN_NON_LITERAL_NULL_CONVERSION = YES;
				CLANG_WARN_OBJC_IMPLICIT_RETAIN_SELF = YES;
				CLANG_WARN_OBJC_LITERAL_CONVERSION = YES;
				CLANG_WARN_OBJC_ROOT_CLASS = YES_ERROR;
				CLANG_WARN_QUOTED_INCLUDE_IN_FRAMEWORK_HEADER = YES;
				CLANG_WARN_RANGE_LOOP_ANALYSIS = YES;
				CLANG_WARN_STRICT_PROTOTYPES = YES;
				CLANG_WARN_SUSPICIOUS_MOVE = YES;
				CLANG_WARN_UNGUARDED_AVAILABILITY = YES_AGGRESSIVE;
				CLANG_WARN_UNREACHABLE_CODE = YES;
				CLANG_WARN__DUPLICATE_METHOD_MATCH = YES;
				COPY_PHASE_STRIP = NO;
				DEBUG_INFORMATION_FORMAT = dwarf;
				ENABLE_STRICT_OBJC_MSGSEND = YES;
				ENABLE_TESTABILITY = YES;
				GCC_C_LANGUAGE_STANDARD = gnu11;
				GCC_DYNAMIC_NO_PIC = NO;
				GCC_NO_COMMON_BLOCKS = YES;
				GCC_OPTIMIZATION_LEVEL = 0;
				GCC_PREPROCESSOR_DEFINITIONS = (
					"DEBUG=1",
					"$(inherited)",
				);
				GCC_WARN_64_TO_32_BIT_CONVERSION = YES;
				GCC_WARN_ABOUT_RETURN_TYPE = YES_ERROR;
				GCC_WARN_UNDECLARED_SELECTOR = YES;
				GCC_WARN_UNINITIALIZED_AUTOS = YES_AGGRESSIVE;
				GCC_WARN_UNUSED_FUNCTION = YES;
				GCC_WARN_UNUSED_VARIABLE = YES;
				IPHONEOS_DEPLOYMENT_TARGET = 16.2;
				MTL_ENABLE_DEBUG_INFO = INCLUDE_SOURCE;
				MTL_FAST_MATH = YES;
				ONLY_ACTIVE_ARCH = YES;
				SDKROOT = iphoneos;
				SWIFT_ACTIVE_COMPILATION_CONDITIONS = DEBUG;
				SWIFT_OPTIMIZATION_LEVEL = "-Onone";
			};
			name = Debug;
		};
		863CAEE929D30C0000AD2E65 /* Release */ = {
			isa = XCBuildConfiguration;
			buildSettings = {
				ALWAYS_SEARCH_USER_PATHS = NO;
				CLANG_ANALYZER_NONNULL = YES;
				CLANG_ANALYZER_NUMBER_OBJECT_CONVERSION = YES_AGGRESSIVE;
				CLANG_CXX_LANGUAGE_STANDARD = "gnu++20";
				CLANG_ENABLE_MODULES = YES;
				CLANG_ENABLE_OBJC_ARC = YES;
				CLANG_ENABLE_OBJC_WEAK = YES;
				CLANG_WARN_BLOCK_CAPTURE_AUTORELEASING = YES;
				CLANG_WARN_BOOL_CONVERSION = YES;
				CLANG_WARN_COMMA = YES;
				CLANG_WARN_CONSTANT_CONVERSION = YES;
				CLANG_WARN_DEPRECATED_OBJC_IMPLEMENTATIONS = YES;
				CLANG_WARN_DIRECT_OBJC_ISA_USAGE = YES_ERROR;
				CLANG_WARN_DOCUMENTATION_COMMENTS = YES;
				CLANG_WARN_EMPTY_BODY = YES;
				CLANG_WARN_ENUM_CONVERSION = YES;
				CLANG_WARN_INFINITE_RECURSION = YES;
				CLANG_WARN_INT_CONVERSION = YES;
				CLANG_WARN_NON_LITERAL_NULL_CONVERSION = YES;
				CLANG_WARN_OBJC_IMPLICIT_RETAIN_SELF = YES;
				CLANG_WARN_OBJC_LITERAL_CONVERSION = YES;
				CLANG_WARN_OBJC_ROOT_CLASS = YES_ERROR;
				CLANG_WARN_QUOTED_INCLUDE_IN_FRAMEWORK_HEADER = YES;
				CLANG_WARN_RANGE_LOOP_ANALYSIS = YES;
				CLANG_WARN_STRICT_PROTOTYPES = YES;
				CLANG_WARN_SUSPICIOUS_MOVE = YES;
				CLANG_WARN_UNGUARDED_AVAILABILITY = YES_AGGRESSIVE;
				CLANG_WARN_UNREACHABLE_CODE = YES;
				CLANG_WARN__DUPLICATE_METHOD_MATCH = YES;
				COPY_PHASE_STRIP = NO;
				DEBUG_INFORMATION_FORMAT = "dwarf-with-dsym";
				ENABLE_NS_ASSERTIONS = NO;
				ENABLE_STRICT_OBJC_MSGSEND = YES;
				GCC_C_LANGUAGE_STANDARD = gnu11;
				GCC_NO_COMMON_BLOCKS = YES;
				GCC_WARN_64_TO_32_BIT_CONVERSION = YES;
				GCC_WARN_ABOUT_RETURN_TYPE = YES_ERROR;
				GCC_WARN_UNDECLARED_SELECTOR = YES;
				GCC_WARN_UNINITIALIZED_AUTOS = YES_AGGRESSIVE;
				GCC_WARN_UNUSED_FUNCTION = YES;
				GCC_WARN_UNUSED_VARIABLE = YES;
				IPHONEOS_DEPLOYMENT_TARGET = 16.2;
				MTL_ENABLE_DEBUG_INFO = NO;
				MTL_FAST_MATH = YES;
				SDKROOT = iphoneos;
				SWIFT_COMPILATION_MODE = wholemodule;
				SWIFT_OPTIMIZATION_LEVEL = "-O";
				VALIDATE_PRODUCT = YES;
			};
			name = Release;
		};
		863CAEEB29D30C0000AD2E65 /* Debug */ = {
			isa = XCBuildConfiguration;
			buildSettings = {
				ASSETCATALOG_COMPILER_APPICON_NAME = AppIcon;
				ASSETCATALOG_COMPILER_GLOBAL_ACCENT_COLOR_NAME = AccentColor;
				CODE_SIGN_STYLE = Automatic;
				CURRENT_PROJECT_VERSION = 1;
				DEVELOPMENT_TEAM = 922R4697G4;
				GENERATE_INFOPLIST_FILE = YES;
				INFOPLIST_FILE = "Rick and Morty MVP app/Info.plist";
				INFOPLIST_KEY_UIApplicationSupportsIndirectInputEvents = YES;
				INFOPLIST_KEY_UILaunchStoryboardName = LaunchScreen;
				INFOPLIST_KEY_UIMainStoryboardFile = Main;
				INFOPLIST_KEY_UISupportedInterfaceOrientations_iPad = "UIInterfaceOrientationPortrait UIInterfaceOrientationPortraitUpsideDown UIInterfaceOrientationLandscapeLeft UIInterfaceOrientationLandscapeRight";
				INFOPLIST_KEY_UISupportedInterfaceOrientations_iPhone = "UIInterfaceOrientationPortrait UIInterfaceOrientationLandscapeLeft UIInterfaceOrientationLandscapeRight";
				LD_RUNPATH_SEARCH_PATHS = (
					"$(inherited)",
					"@executable_path/Frameworks",
				);
				MARKETING_VERSION = 1.0;
				PRODUCT_BUNDLE_IDENTIFIER = "uk.co.markgolubev.Rick-and-Morty-MVP-app";
				PRODUCT_NAME = "$(TARGET_NAME)";
				SWIFT_EMIT_LOC_STRINGS = YES;
				SWIFT_VERSION = 5.0;
				TARGETED_DEVICE_FAMILY = "1,2";
			};
			name = Debug;
		};
		863CAEEC29D30C0000AD2E65 /* Release */ = {
			isa = XCBuildConfiguration;
			buildSettings = {
				ASSETCATALOG_COMPILER_APPICON_NAME = AppIcon;
				ASSETCATALOG_COMPILER_GLOBAL_ACCENT_COLOR_NAME = AccentColor;
				CODE_SIGN_STYLE = Automatic;
				CURRENT_PROJECT_VERSION = 1;
				DEVELOPMENT_TEAM = 922R4697G4;
				GENERATE_INFOPLIST_FILE = YES;
				INFOPLIST_FILE = "Rick and Morty MVP app/Info.plist";
				INFOPLIST_KEY_UIApplicationSupportsIndirectInputEvents = YES;
				INFOPLIST_KEY_UILaunchStoryboardName = LaunchScreen;
				INFOPLIST_KEY_UIMainStoryboardFile = Main;
				INFOPLIST_KEY_UISupportedInterfaceOrientations_iPad = "UIInterfaceOrientationPortrait UIInterfaceOrientationPortraitUpsideDown UIInterfaceOrientationLandscapeLeft UIInterfaceOrientationLandscapeRight";
				INFOPLIST_KEY_UISupportedInterfaceOrientations_iPhone = "UIInterfaceOrientationPortrait UIInterfaceOrientationLandscapeLeft UIInterfaceOrientationLandscapeRight";
				LD_RUNPATH_SEARCH_PATHS = (
					"$(inherited)",
					"@executable_path/Frameworks",
				);
				MARKETING_VERSION = 1.0;
				PRODUCT_BUNDLE_IDENTIFIER = "uk.co.markgolubev.Rick-and-Morty-MVP-app";
				PRODUCT_NAME = "$(TARGET_NAME)";
				SWIFT_EMIT_LOC_STRINGS = YES;
				SWIFT_VERSION = 5.0;
				TARGETED_DEVICE_FAMILY = "1,2";
			};
			name = Release;
		};
		863CAEEE29D30C0000AD2E65 /* Debug */ = {
			isa = XCBuildConfiguration;
			buildSettings = {
				ALWAYS_EMBED_SWIFT_STANDARD_LIBRARIES = YES;
				BUNDLE_LOADER = "$(TEST_HOST)";
				CODE_SIGN_STYLE = Automatic;
				CURRENT_PROJECT_VERSION = 1;
				DEVELOPMENT_TEAM = 922R4697G4;
				GENERATE_INFOPLIST_FILE = YES;
				IPHONEOS_DEPLOYMENT_TARGET = 16.2;
				MARKETING_VERSION = 1.0;
				PRODUCT_BUNDLE_IDENTIFIER = "uk.co.markgolubev.Rick-and-Morty-MVP-appTests";
				PRODUCT_NAME = "$(TARGET_NAME)";
				SWIFT_EMIT_LOC_STRINGS = NO;
				SWIFT_VERSION = 5.0;
				TARGETED_DEVICE_FAMILY = "1,2";
				TEST_HOST = "$(BUILT_PRODUCTS_DIR)/Rick and Morty MVP app.app/$(BUNDLE_EXECUTABLE_FOLDER_PATH)/Rick and Morty MVP app";
			};
			name = Debug;
		};
		863CAEEF29D30C0000AD2E65 /* Release */ = {
			isa = XCBuildConfiguration;
			buildSettings = {
				ALWAYS_EMBED_SWIFT_STANDARD_LIBRARIES = YES;
				BUNDLE_LOADER = "$(TEST_HOST)";
				CODE_SIGN_STYLE = Automatic;
				CURRENT_PROJECT_VERSION = 1;
				DEVELOPMENT_TEAM = 922R4697G4;
				GENERATE_INFOPLIST_FILE = YES;
				IPHONEOS_DEPLOYMENT_TARGET = 16.2;
				MARKETING_VERSION = 1.0;
				PRODUCT_BUNDLE_IDENTIFIER = "uk.co.markgolubev.Rick-and-Morty-MVP-appTests";
				PRODUCT_NAME = "$(TARGET_NAME)";
				SWIFT_EMIT_LOC_STRINGS = NO;
				SWIFT_VERSION = 5.0;
				TARGETED_DEVICE_FAMILY = "1,2";
				TEST_HOST = "$(BUILT_PRODUCTS_DIR)/Rick and Morty MVP app.app/$(BUNDLE_EXECUTABLE_FOLDER_PATH)/Rick and Morty MVP app";
			};
			name = Release;
		};
		863CAEF129D30C0000AD2E65 /* Debug */ = {
			isa = XCBuildConfiguration;
			buildSettings = {
				ALWAYS_EMBED_SWIFT_STANDARD_LIBRARIES = YES;
				CODE_SIGN_STYLE = Automatic;
				CURRENT_PROJECT_VERSION = 1;
				DEVELOPMENT_TEAM = 922R4697G4;
				GENERATE_INFOPLIST_FILE = YES;
				MARKETING_VERSION = 1.0;
				PRODUCT_BUNDLE_IDENTIFIER = "uk.co.markgolubev.Rick-and-Morty-MVP-appUITests";
				PRODUCT_NAME = "$(TARGET_NAME)";
				SWIFT_EMIT_LOC_STRINGS = NO;
				SWIFT_VERSION = 5.0;
				TARGETED_DEVICE_FAMILY = "1,2";
				TEST_TARGET_NAME = "Rick and Morty MVP app";
			};
			name = Debug;
		};
		863CAEF229D30C0000AD2E65 /* Release */ = {
			isa = XCBuildConfiguration;
			buildSettings = {
				ALWAYS_EMBED_SWIFT_STANDARD_LIBRARIES = YES;
				CODE_SIGN_STYLE = Automatic;
				CURRENT_PROJECT_VERSION = 1;
				DEVELOPMENT_TEAM = 922R4697G4;
				GENERATE_INFOPLIST_FILE = YES;
				MARKETING_VERSION = 1.0;
				PRODUCT_BUNDLE_IDENTIFIER = "uk.co.markgolubev.Rick-and-Morty-MVP-appUITests";
				PRODUCT_NAME = "$(TARGET_NAME)";
				SWIFT_EMIT_LOC_STRINGS = NO;
				SWIFT_VERSION = 5.0;
				TARGETED_DEVICE_FAMILY = "1,2";
				TEST_TARGET_NAME = "Rick and Morty MVP app";
			};
			name = Release;
		};
/* End XCBuildConfiguration section */

/* Begin XCConfigurationList section */
		863CAEBB29D30BFF00AD2E65 /* Build configuration list for PBXProject "Rick and Morty MVP app" */ = {
			isa = XCConfigurationList;
			buildConfigurations = (
				863CAEE829D30C0000AD2E65 /* Debug */,
				863CAEE929D30C0000AD2E65 /* Release */,
			);
			defaultConfigurationIsVisible = 0;
			defaultConfigurationName = Release;
		};
		863CAEEA29D30C0000AD2E65 /* Build configuration list for PBXNativeTarget "Rick and Morty MVP app" */ = {
			isa = XCConfigurationList;
			buildConfigurations = (
				863CAEEB29D30C0000AD2E65 /* Debug */,
				863CAEEC29D30C0000AD2E65 /* Release */,
			);
			defaultConfigurationIsVisible = 0;
			defaultConfigurationName = Release;
		};
		863CAEED29D30C0000AD2E65 /* Build configuration list for PBXNativeTarget "Rick and Morty MVP appTests" */ = {
			isa = XCConfigurationList;
			buildConfigurations = (
				863CAEEE29D30C0000AD2E65 /* Debug */,
				863CAEEF29D30C0000AD2E65 /* Release */,
			);
			defaultConfigurationIsVisible = 0;
			defaultConfigurationName = Release;
		};
		863CAEF029D30C0000AD2E65 /* Build configuration list for PBXNativeTarget "Rick and Morty MVP appUITests" */ = {
			isa = XCConfigurationList;
			buildConfigurations = (
				863CAEF129D30C0000AD2E65 /* Debug */,
				863CAEF229D30C0000AD2E65 /* Release */,
			);
			defaultConfigurationIsVisible = 0;
			defaultConfigurationName = Release;
		};
/* End XCConfigurationList section */
	};
	rootObject = 863CAEB829D30BFF00AD2E65 /* Project object */;
}
